{
  "name": "gql-demo",
  "version": "1.0.0",
  "lockfileVersion": 1,
  "requires": true,
  "dependencies": {
    "@graphiql/toolkit": {
      "version": "0.2.2",
      "resolved": "https://registry-npm.rd.chanjet.com/@graphiql/toolkit/download/@graphiql/toolkit-0.2.2.tgz",
      "integrity": "sha1-GT1XCvz2hsnuYckgVMF4K588ElU=",
      "requires": {
        "@n1ru4l/push-pull-async-iterable-iterator": "^2.1.4",
        "graphql-ws": "^4.3.2",
        "meros": "^1.1.4",
        "subscriptions-transport-ws": "^0.9.18"
      }
    },
    "@n1ru4l/push-pull-async-iterable-iterator": {
      "version": "2.1.4",
      "resolved": "https://registry-npm.rd.chanjet.com/@n1ru4l/push-pull-async-iterable-iterator/download/@n1ru4l/push-pull-async-iterable-iterator-2.1.4.tgz",
      "integrity": "sha1-qQIlR0NS+fFZv/l5kF9we5xrzwQ="
    },
    "argparse": {
      "version": "1.0.10",
      "resolved": "https://registry-npm.rd.chanjet.com/argparse/download/argparse-1.0.10.tgz",
      "integrity": "sha1-vNZ5HqWuCXJeF+WtmIE0zUCz2RE=",
      "requires": {
        "sprintf-js": "~1.0.2"
      }
    },
    "backo2": {
      "version": "1.0.2",
      "resolved": "https://registry-npm.rd.chanjet.com/backo2/download/backo2-1.0.2.tgz",
      "integrity": "sha1-MasayLEpNjRj41s+u2n038+6eUc=",
      "optional": true
    },
    "codemirror": {
      "version": "5.62.2",
      "resolved": "https://registry-npm.rd.chanjet.com/codemirror/download/codemirror-5.62.2.tgz",
      "integrity": "sha1-vObRnJgp5ueI+DiG1I7PXB4QbmU="
    },
    "codemirror-graphql": {
      "version": "1.0.2",
      "resolved": "https://registry-npm.rd.chanjet.com/codemirror-graphql/download/codemirror-graphql-1.0.2.tgz",
      "integrity": "sha1-z7+0q57YFGfcYGhIxeuE4fXYJ2Y=",
      "requires": {
        "graphql-language-service-interface": "^2.8.2",
        "graphql-language-service-parser": "^1.9.0"
      }
    },
    "copy-to-clipboard": {
      "version": "3.3.1",
      "resolved": "https://registry-npm.rd.chanjet.com/copy-to-clipboard/download/copy-to-clipboard-3.3.1.tgz",
      "integrity": "sha1-EVqhqZmP+rYZb5MHatbaO5E2Yq4=",
      "requires": {
        "toggle-selection": "^1.0.6"
      }
    },
    "dset": {
      "version": "3.1.0",
      "resolved": "https://registry-npm.rd.chanjet.com/dset/download/dset-3.1.0.tgz",
      "integrity": "sha1-I/6235OBbqRSVmMIsTdNboabDXs="
    },
    "entities": {
      "version": "2.2.0",
      "resolved": "https://registry-npm.rd.chanjet.com/entities/download/entities-2.2.0.tgz",
      "integrity": "sha1-CY3JDruD2N/6CJ1VJWs1HTTE2lU="
    },
    "eventemitter3": {
      "version": "3.1.2",
      "resolved": "https://registry-npm.rd.chanjet.com/eventemitter3/download/eventemitter3-3.1.2.tgz",
      "integrity": "sha1-LT1I+cNGaY/Og6hdfWZOmFNd9uc=",
      "optional": true
    },
    "graphiql": {
      "version": "1.4.2",
      "resolved": "https://registry-npm.rd.chanjet.com/graphiql/download/graphiql-1.4.2.tgz",
      "integrity": "sha1-odwaTY019gyQ1tip62Kpl1bp/Zs=",
      "requires": {
        "@graphiql/toolkit": "^0.2.0",
        "codemirror": "^5.54.0",
        "codemirror-graphql": "^1.0.0",
        "copy-to-clipboard": "^3.2.0",
        "dset": "^3.1.0",
        "entities": "^2.0.0",
        "graphql-language-service": "^3.1.2",
        "markdown-it": "^10.0.0"
      }
    },
    "graphql": {
      "version": "15.5.1",
      "resolved": "https://registry-npm.rd.chanjet.com/graphql/download/graphql-15.5.1.tgz",
      "integrity": "sha1-8vhEFdiYXnuEcx5/NTb4u504Oq0="
    },
    "graphql-language-service": {
      "version": "3.1.4",
      "resolved": "https://registry-npm.rd.chanjet.com/graphql-language-service/download/graphql-language-service-3.1.4.tgz",
      "integrity": "sha1-yoaY9w6ZI+Mmfj1Fcii8Vafddfk=",
      "requires": {
        "graphql-language-service-interface": "^2.8.2",
        "graphql-language-service-types": "^1.8.0"
      }
    },
    "graphql-language-service-interface": {
      "version": "2.8.4",
      "resolved": "https://registry-npm.rd.chanjet.com/graphql-language-service-interface/download/graphql-language-service-interface-2.8.4.tgz",
      "integrity": "sha1-P/MXVOmylbGrwmuX0obACDWqz/A=",
      "requires": {
        "graphql-language-service-parser": "^1.9.0",
        "graphql-language-service-types": "^1.8.0",
        "graphql-language-service-utils": "^2.5.1",
        "vscode-languageserver-types": "^3.15.1"
      }
    },
    "graphql-language-service-parser": {
      "version": "1.9.2",
      "resolved": "https://registry-npm.rd.chanjet.com/graphql-language-service-parser/download/graphql-language-service-parser-1.9.2.tgz",
      "integrity": "sha1-stxFYgy2ubrIrBdcGXx38P8S1nk=",
      "requires": {
        "graphql-language-service-types": "^1.8.0"
      }
    },
    "graphql-language-service-types": {
      "version": "1.8.2",
      "resolved": "https://registry-npm.rd.chanjet.com/graphql-language-service-types/download/graphql-language-service-types-1.8.2.tgz",
      "integrity": "sha1-UK5W9pzCT8/D2qEptosOuUIehXg="
    },
    "graphql-language-service-utils": {
      "version": "2.5.3",
      "resolved": "https://registry-npm.rd.chanjet.com/graphql-language-service-utils/download/graphql-language-service-utils-2.5.3.tgz",
      "integrity": "sha1-GF9PZc+MAQhx65QFRSo6C/34h0g=",
      "requires": {
        "graphql-language-service-types": "^1.8.0",
        "nullthrows": "^1.0.0"
      }
    },
    "graphql-ws": {
      "version": "4.9.0",
      "resolved": "https://registry-npm.rd.chanjet.com/graphql-ws/download/graphql-ws-4.9.0.tgz",
      "integrity": "sha1-XP2LtJCzXoZYPYMi9dXQmcJuNlw="
    },
    "iterall": {
      "version": "1.3.0",
      "resolved": "https://registry-npm.rd.chanjet.com/iterall/download/iterall-1.3.0.tgz",
      "integrity": "sha1-r8sISS4pFcvYoIhOuTqMlNDXL+o=",
      "optional": true
    },
    "js-tokens": {
      "version": "4.0.0",
      "resolved": "https://registry-npm.rd.chanjet.com/js-tokens/download/js-tokens-4.0.0.tgz",
      "integrity": "sha1-GSA/tZmR35jjoocFDUZHzerzJJk="
    },
    "linkify-it": {
      "version": "2.2.0",
      "resolved": "https://registry-npm.rd.chanjet.com/linkify-it/download/linkify-it-2.2.0.tgz",
      "integrity": "sha1-47VGl+eL+RXHCjis14/QngBYsc8=",
      "requires": {
        "uc.micro": "^1.0.1"
      }
    },
    "loose-envify": {
      "version": "1.4.0",
      "resolved": "https://registry-npm.rd.chanjet.com/loose-envify/download/loose-envify-1.4.0.tgz",
      "integrity": "sha1-ce5R+nvkyuwaY4OffmgtgTLTDK8=",
      "requires": {
        "js-tokens": "^3.0.0 || ^4.0.0"
      }
    },
    "markdown-it": {
      "version": "10.0.0",
      "resolved": "https://registry-npm.rd.chanjet.com/markdown-it/download/markdown-it-10.0.0.tgz",
      "integrity": "sha1-q/xk8UGxci1mNAIETkOSfx9QqNw=",
      "requires": {
        "argparse": "^1.0.7",
        "entities": "~2.0.0",
        "linkify-it": "^2.0.0",
        "mdurl": "^1.0.1",
        "uc.micro": "^1.0.5"
      },
      "dependencies": {
        "entities": {
          "version": "2.0.3",
          "resolved": "https://registry-npm.rd.chanjet.com/entities/download/entities-2.0.3.tgz",
          "integrity": "sha1-XEh+V0Krk8Fau12iJ1m4WQ7AO38="
        }
      }
    },
    "mdurl": {
      "version": "1.0.1",
      "resolved": "https://registry-npm.rd.chanjet.com/mdurl/download/mdurl-1.0.1.tgz",
      "integrity": "sha1-/oWy7HWlkDfyrf7BAP1sYBdhFS4="
    },
    "meros": {
      "version": "1.1.4",
      "resolved": "https://registry-npm.rd.chanjet.com/meros/download/meros-1.1.4.tgz",
      "integrity": "sha1-wXmU0xM9uLI4B/Yr7H8MsnbP2Ug="
    },
    "nullthrows": {
      "version": "1.1.1",
      "resolved": "https://registry-npm.rd.chanjet.com/nullthrows/download/nullthrows-1.1.1.tgz",
      "integrity": "sha1-eBgliEOFaulx6uQgitfX6xmkMbE="
    },
    "object-assign": {
      "version": "4.1.1",
      "resolved": "https://registry-npm.rd.chanjet.com/object-assign/download/object-assign-4.1.1.tgz",
      "integrity": "sha1-IQmtx5ZYh8/AXLvUQsrIv7s2CGM="
    },
    "react": {
      "version": "17.0.2",
      "resolved": "https://registry-npm.rd.chanjet.com/react/download/react-17.0.2.tgz",
      "integrity": "sha1-0LXMUW0p6z7uOD91tihkz7aAADc=",
      "requires": {
        "loose-envify": "^1.1.0",
        "object-assign": "^4.1.1"
      }
    },
    "react-dom": {
      "version": "17.0.2",
      "resolved": "https://registry-npm.rd.chanjet.com/react-dom/download/react-dom-17.0.2.tgz",
      "integrity": "sha1-7P+2hF462Nv83EmPDQqTlzZQLCM=",
      "requires": {
        "loose-envify": "^1.1.0",
        "object-assign": "^4.1.1",
        "scheduler": "^0.20.2"
      }
    },
    "scheduler": {
      "version": "0.20.2",
      "resolved": "https://registry-npm.rd.chanjet.com/scheduler/download/scheduler-0.20.2.tgz",
      "integrity": "sha1-S67jlDbjSqk7SHS93L8P6Li1DpE=",
      "requires": {
        "loose-envify": "^1.1.0",
        "object-assign": "^4.1.1"
      }
    },
    "sprintf-js": {
      "version": "1.0.3",
      "resolved": "https://registry-npm.rd.chanjet.com/sprintf-js/download/sprintf-js-1.0.3.tgz",
      "integrity": "sha1-BOaSb2YolTVPPdAVIDYzuFcpfiw="
    },
    "subscriptions-transport-ws": {
      "version": "0.9.19",
      "resolved": "https://registry-npm.rd.chanjet.com/subscriptions-transport-ws/download/subscriptions-transport-ws-0.9.19.tgz",
      "integrity": "sha1-EMoy9+KR1e6Otyi5wC5DxSYGzc8=",
      "optional": true,
      "requires": {
        "backo2": "^1.0.2",
        "eventemitter3": "^3.1.0",
        "iterall": "^1.2.1",
        "symbol-observable": "^1.0.4",
        "ws": "^5.2.0 || ^6.0.0 || ^7.0.0"
      }
    },
    "symbol-observable": {
      "version": "1.2.0",
      "resolved": "https://registry-npm.rd.chanjet.com/symbol-observable/download/symbol-observable-1.2.0.tgz",
      "integrity": "sha1-wiaIrtTqs83C3+rLtWFmBWCgCAQ=",
      "optional": true
    },
    "toggle-selection": {
      "version": "1.0.6",
      "resolved": "https://registry-npm.rd.chanjet.com/toggle-selection/download/toggle-selection-1.0.6.tgz",
      "integrity": "sha1-bkWxJj8gF/oKzH2J14sVuL932jI="
    },
    "uc.micro": {
      "version": "1.0.6",
      "resolved": "https://registry-npm.rd.chanjet.com/uc.micro/download/uc.micro-1.0.6.tgz",
      "integrity": "sha1-nEEagCpAmpH8bPdAgbq6NLJEmaw="
    },
    "vscode-languageserver-types": {
      "version": "3.16.0",
      "resolved": "https://registry-npm.rd.chanjet.com/vscode-languageserver-types/download/vscode-languageserver-types-3.16.0.tgz",
      "integrity": "sha1-7POT/BIexpdLLaPvsxVWRMUU4kc="
    },
    "ws": {
      "version": "7.5.3",
      "resolved": "https://registry-npm.rd.chanjet.com/ws/download/ws-7.5.3.tgz",
      "integrity": "sha1-Fgg1tjx9l7+rQY/BuKn87SrAGnQ=",
      "optional": true
    }
  }
}
